// !$*UTF8*$!
{
	archiveVersion = 1;
	classes = {
	};
	objectVersion = 50;
	objects = {

/* Begin PBXBuildFile section */
		703DD59423031DCF00CB5607 /* AppDelegate.swift in Sources */ = {isa = PBXBuildFile; fileRef = 703DD59323031DCF00CB5607 /* AppDelegate.swift */; };
		703DD59623031DCF00CB5607 /* ViewController.swift in Sources */ = {isa = PBXBuildFile; fileRef = 703DD59523031DCF00CB5607 /* ViewController.swift */; };
		703DD59923031DCF00CB5607 /* Main.storyboard in Resources */ = {isa = PBXBuildFile; fileRef = 703DD59723031DCF00CB5607 /* Main.storyboard */; };
		703DD59B23031DD000CB5607 /* Assets.xcassets in Resources */ = {isa = PBXBuildFile; fileRef = 703DD59A23031DD000CB5607 /* Assets.xcassets */; };
		703DD59E23031DD000CB5607 /* LaunchScreen.storyboard in Resources */ = {isa = PBXBuildFile; fileRef = 703DD59C23031DD000CB5607 /* LaunchScreen.storyboard */; };
		703DD5A92303209700CB5607 /* SetGame.swift in Sources */ = {isa = PBXBuildFile; fileRef = 703DD5A82303209700CB5607 /* SetGame.swift */; };
		7095994E233CD358002F90BF /* SetGameMainSuperView.swift in Sources */ = {isa = PBXBuildFile; fileRef = 7095994D233CD358002F90BF /* SetGameMainSuperView.swift */; };
		70959950233CE263002F90BF /* CardTableView.swift in Sources */ = {isa = PBXBuildFile; fileRef = 7095994F233CE263002F90BF /* CardTableView.swift */; };
		70AFDBC723103AF800DC32C3 /* Card.swift in Sources */ = {isa = PBXBuildFile; fileRef = 70AFDBC623103AF700DC32C3 /* Card.swift */; };
		70DCD816233D233C00CE2A88 /* CardView.swift in Sources */ = {isa = PBXBuildFile; fileRef = 70DCD815233D233C00CE2A88 /* CardView.swift */; };
/* End PBXBuildFile section */

/* Begin PBXFileReference section */
		703DD59023031DCF00CB5607 /* SetGame.app */ = {isa = PBXFileReference; explicitFileType = wrapper.application; includeInIndex = 0; path = SetGame.app; sourceTree = BUILT_PRODUCTS_DIR; };
		703DD59323031DCF00CB5607 /* AppDelegate.swift */ = {isa = PBXFileReference; lastKnownFileType = sourcecode.swift; path = AppDelegate.swift; sourceTree = "<group>"; };
		703DD59523031DCF00CB5607 /* ViewController.swift */ = {isa = PBXFileReference; lastKnownFileType = sourcecode.swift; path = ViewController.swift; sourceTree = "<group>"; };
		703DD59823031DCF00CB5607 /* Base */ = {isa = PBXFileReference; lastKnownFileType = file.storyboard; name = Base; path = Base.lproj/Main.storyboard; sourceTree = "<group>"; };
		703DD59A23031DD000CB5607 /* Assets.xcassets */ = {isa = PBXFileReference; lastKnownFileType = folder.assetcatalog; path = Assets.xcassets; sourceTree = "<group>"; };
		703DD59D23031DD000CB5607 /* Base */ = {isa = PBXFileReference; lastKnownFileType = file.storyboard; name = Base; path = Base.lproj/LaunchScreen.storyboard; sourceTree = "<group>"; };
		703DD59F23031DD000CB5607 /* Info.plist */ = {isa = PBXFileReference; lastKnownFileType = text.plist.xml; path = Info.plist; sourceTree = "<group>"; };
		703DD5A82303209700CB5607 /* SetGame.swift */ = {isa = PBXFileReference; lastKnownFileType = sourcecode.swift; path = SetGame.swift; sourceTree = "<group>"; };
		7095994D233CD358002F90BF /* SetGameMainSuperView.swift */ = {isa = PBXFileReference; lastKnownFileType = sourcecode.swift; path = SetGameMainSuperView.swift; sourceTree = "<group>"; };
		7095994F233CE263002F90BF /* CardTableView.swift */ = {isa = PBXFileReference; lastKnownFileType = sourcecode.swift; path = CardTableView.swift; sourceTree = "<group>"; };
		70AFDBC623103AF700DC32C3 /* Card.swift */ = {isa = PBXFileReference; lastKnownFileType = sourcecode.swift; path = Card.swift; sourceTree = "<group>"; };
		70DCD815233D233C00CE2A88 /* CardView.swift */ = {isa = PBXFileReference; lastKnownFileType = sourcecode.swift; path = CardView.swift; sourceTree = "<group>"; };
/* End PBXFileReference section */

/* Begin PBXFrameworksBuildPhase section */
		703DD58D23031DCF00CB5607 /* Frameworks */ = {
			isa = PBXFrameworksBuildPhase;
			buildActionMask = 2147483647;
			files = (
			);
			runOnlyForDeploymentPostprocessing = 0;
		};
/* End PBXFrameworksBuildPhase section */

/* Begin PBXGroup section */
		703DD58723031DCF00CB5607 = {
			isa = PBXGroup;
			children = (
				703DD59223031DCF00CB5607 /* SetGame */,
				703DD59123031DCF00CB5607 /* Products */,
			);
			sourceTree = "<group>";
		};
		703DD59123031DCF00CB5607 /* Products */ = {
			isa = PBXGroup;
			children = (
				703DD59023031DCF00CB5607 /* SetGame.app */,
			);
			name = Products;
			sourceTree = "<group>";
		};
		703DD59223031DCF00CB5607 /* SetGame */ = {
			isa = PBXGroup;
			children = (
				703DD5A72303207400CB5607 /* Supporting Files */,
				703DD59523031DCF00CB5607 /* ViewController.swift */,
				7095994D233CD358002F90BF /* SetGameMainSuperView.swift */,
				7095994F233CE263002F90BF /* CardTableView.swift */,
				70DCD815233D233C00CE2A88 /* CardView.swift */,
				703DD59723031DCF00CB5607 /* Main.storyboard */,
				703DD5A82303209700CB5607 /* SetGame.swift */,
				70AFDBC623103AF700DC32C3 /* Card.swift */,
				703DD59F23031DD000CB5607 /* Info.plist */,
			);
			path = SetGame;
			sourceTree = "<group>";
		};
		703DD5A72303207400CB5607 /* Supporting Files */ = {
			isa = PBXGroup;
			children = (
				703DD59323031DCF00CB5607 /* AppDelegate.swift */,
				703DD59A23031DD000CB5607 /* Assets.xcassets */,
				703DD59C23031DD000CB5607 /* LaunchScreen.storyboard */,
			);
			path = "Supporting Files";
			sourceTree = "<group>";
		};
/* End PBXGroup section */

/* Begin PBXNativeTarget section */
		703DD58F23031DCF00CB5607 /* SetGame */ = {
			isa = PBXNativeTarget;
			buildConfigurationList = 703DD5A223031DD000CB5607 /* Build configuration list for PBXNativeTarget "SetGame" */;
			buildPhases = (
				703DD58C23031DCF00CB5607 /* Sources */,
				703DD58D23031DCF00CB5607 /* Frameworks */,
				703DD58E23031DCF00CB5607 /* Resources */,
			);
			buildRules = (
			);
			dependencies = (
			);
			name = SetGame;
			productName = SetGame;
			productReference = 703DD59023031DCF00CB5607 /* SetGame.app */;
			productType = "com.apple.product-type.application";
		};
/* End PBXNativeTarget section */

/* Begin PBXProject section */
		703DD58823031DCF00CB5607 /* Project object */ = {
			isa = PBXProject;
			attributes = {
				LastSwiftUpdateCheck = 1030;
				LastUpgradeCheck = 1030;
				ORGANIZATIONNAME = "Sergey Petrosyan";
				TargetAttributes = {
					703DD58F23031DCF00CB5607 = {
						CreatedOnToolsVersion = 10.3;
					};
				};
			};
			buildConfigurationList = 703DD58B23031DCF00CB5607 /* Build configuration list for PBXProject "SetGame" */;
			compatibilityVersion = "Xcode 9.3";
			developmentRegion = en;
			hasScannedForEncodings = 0;
			knownRegions = (
				en,
				Base,
			);
			mainGroup = 703DD58723031DCF00CB5607;
			productRefGroup = 703DD59123031DCF00CB5607 /* Products */;
			projectDirPath = "";
			projectRoot = "";
			targets = (
				703DD58F23031DCF00CB5607 /* SetGame */,
			);
		};
/* End PBXProject section */

/* Begin PBXResourcesBuildPhase section */
		703DD58E23031DCF00CB5607 /* Resources */ = {
			isa = PBXResourcesBuildPhase;
			buildActionMask = 2147483647;
			files = (
				703DD59E23031DD000CB5607 /* LaunchScreen.storyboard in Resources */,
				703DD59B23031DD000CB5607 /* Assets.xcassets in Resources */,
				703DD59923031DCF00CB5607 /* Main.storyboard in Resources */,
			);
			runOnlyForDeploymentPostprocessing = 0;
		};
/* End PBXResourcesBuildPhase section */

/* Begin PBXSourcesBuildPhase section */
		703DD58C23031DCF00CB5607 /* Sources */ = {
			isa = PBXSourcesBuildPhase;
			buildActionMask = 2147483647;
			files = (
				70DCD816233D233C00CE2A88 /* CardView.swift in Sources */,
				703DD59623031DCF00CB5607 /* ViewController.swift in Sources */,
				7095994E233CD358002F90BF /* SetGameMainSuperView.swift in Sources */,
				703DD5A92303209700CB5607 /* SetGame.swift in Sources */,
				703DD59423031DCF00CB5607 /* AppDelegate.swift in Sources */,
				70959950233CE263002F90BF /* CardTableView.swift in Sources */,
				70AFDBC723103AF800DC32C3 /* Card.swift in Sources */,
			);
			runOnlyForDeploymentPostprocessing = 0;
		};
/* End PBXSourcesBuildPhase section */

/* Begin PBXVariantGroup section */
		703DD59723031DCF00CB5607 /* Main.storyboard */ = {
			isa = PBXVariantGroup;
			children = (
				703DD59823031DCF00CB5607 /* Base */,
			);
			name = Main.storyboard;
			sourceTree = "<group>";
		};
		703DD59C23031DD000CB5607 /* LaunchScreen.storyboard */ = {
			isa = PBXVariantGroup;
			children = (
				703DD59D23031DD000CB5607 /* Base */,
			);
			name = LaunchScreen.storyboard;
			sourceTree = "<group>";
		};
/* End PBXVariantGroup section */

/* Begin XCBuildConfiguration section */
		703DD5A023031DD000CB5607 /* Debug */ = {
			isa = XCBuildConfiguration;
			buildSettings = {
				ALWAYS_SEARCH_USER_PATHS = NO;
				CLANG_ANALYZER_NONNULL = YES;
				CLANG_ANALYZER_NUMBER_OBJECT_CONVERSION = YES_AGGRESSIVE;
				CLANG_CXX_LANGUAGE_STANDARD = "gnu++14";
				CLANG_CXX_LIBRARY = "libc++";
				CLANG_ENABLE_MODULES = YES;
				CLANG_ENABLE_OBJC_ARC = YES;
				CLANG_ENABLE_OBJC_WEAK = YES;
				CLANG_WARN_BLOCK_CAPTURE_AUTORELEASING = YES;
				CLANG_WARN_BOOL_CONVERSION = YES;
				CLANG_WARN_COMMA = YES;
				CLANG_WARN_CONSTANT_CONVERSION = YES;
				CLANG_WARN_DEPRECATED_OBJC_IMPLEMENTATIONS = YES;
				CLANG_WARN_DIRECT_OBJC_ISA_USAGE = YES_ERROR;
				CLANG_WARN_DOCUMENTATION_COMMENTS = YES;
				CLANG_WARN_EMPTY_BODY = YES;
				CLANG_WARN_ENUM_CONVERSION = YES;
				CLANG_WARN_INFINITE_RECURSION = YES;
				CLANG_WARN_INT_CONVERSION = YES;
				CLANG_WARN_NON_LITERAL_NULL_CONVERSION = YES;
				CLANG_WARN_OBJC_IMPLICIT_RETAIN_SELF = YES;
				CLANG_WARN_OBJC_LITERAL_CONVERSION = YES;
				CLANG_WARN_OBJC_ROOT_CLASS = YES_ERROR;
				CLANG_WARN_RANGE_LOOP_ANALYSIS = YES;
				CLANG_WARN_STRICT_PROTOTYPES = YES;
				CLANG_WARN_SUSPICIOUS_MOVE = YES;
				CLANG_WARN_UNGUARDED_AVAILABILITY = YES_AGGRESSIVE;
				CLANG_WARN_UNREACHABLE_CODE = YES;
				CLANG_WARN__DUPLICATE_METHOD_MATCH = YES;
				CODE_SIGN_IDENTITY = "iPhone Developer";
				COPY_PHASE_STRIP = NO;
				DEBUG_INFORMATION_FORMAT = dwarf;
				ENABLE_STRICT_OBJC_MSGSEND = YES;
				ENABLE_TESTABILITY = YES;
				GCC_C_LANGUAGE_STANDARD = gnu11;
				GCC_DYNAMIC_NO_PIC = NO;
				GCC_NO_COMMON_BLOCKS = YES;
				GCC_OPTIMIZATION_LEVEL = 0;
				GCC_PREPROCESSOR_DEFINITIONS = (
					"DEBUG=1",
					"$(inherited)",
				);
				GCC_WARN_64_TO_32_BIT_CONVERSION = YES;
				GCC_WARN_ABOUT_RETURN_TYPE = YES_ERROR;
				GCC_WARN_UNDECLARED_SELECTOR = YES;
				GCC_WARN_UNINITIALIZED_AUTOS = YES_AGGRESSIVE;
				GCC_WARN_UNUSED_FUNCTION = YES;
				GCC_WARN_UNUSED_VARIABLE = YES;
				IPHONEOS_DEPLOYMENT_TARGET = 12.4;
				MTL_ENABLE_DEBUG_INFO = INCLUDE_SOURCE;
				MTL_FAST_MATH = YES;
				ONLY_ACTIVE_ARCH = YES;
				SDKROOT = iphoneos;
				SWIFT_ACTIVE_COMPILATION_CONDITIONS = DEBUG;
				SWIFT_OPTIMIZATION_LEVEL = "-Onone";
			};
			name = Debug;
		};
		703DD5A123031DD000CB5607 /* Release */ = {
			isa = XCBuildConfiguration;
			buildSettings = {
				ALWAYS_SEARCH_USER_PATHS = NO;
				CLANG_ANALYZER_NONNULL = YES;
				CLANG_ANALYZER_NUMBER_OBJECT_CONVERSION = YES_AGGRESSIVE;
				CLANG_CXX_LANGUAGE_STANDARD = "gnu++14";
				CLANG_CXX_LIBRARY = "libc++";
				CLANG_ENABLE_MODULES = YES;
				CLANG_ENABLE_OBJC_ARC = YES;
				CLANG_ENABLE_OBJC_WEAK = YES;
				CLANG_WARN_BLOCK_CAPTURE_AUTORELEASING = YES;
				CLANG_WARN_BOOL_CONVERSION = YES;
				CLANG_WARN_COMMA = YES;
				CLANG_WARN_CONSTANT_CONVERSION = YES;
				CLANG_WARN_DEPRECATED_OBJC_IMPLEMENTATIONS = YES;
				CLANG_WARN_DIRECT_OBJC_ISA_USAGE = YES_ERROR;
				CLANG_WARN_DOCUMENTATION_COMMENTS = YES;
				CLANG_WARN_EMPTY_BODY = YES;
				CLANG_WARN_ENUM_CONVERSION = YES;
				CLANG_WARN_INFINITE_RECURSION = YES;
				CLANG_WARN_INT_CONVERSION = YES;
				CLANG_WARN_NON_LITERAL_NULL_CONVERSION = YES;
				CLANG_WARN_OBJC_IMPLICIT_RETAIN_SELF = YES;
				CLANG_WARN_OBJC_LITERAL_CONVERSION = YES;
				CLANG_WARN_OBJC_ROOT_CLASS = YES_ERROR;
				CLANG_WARN_RANGE_LOOP_ANALYSIS = YES;
				CLANG_WARN_STRICT_PROTOTYPES = YES;
				CLANG_WARN_SUSPICIOUS_MOVE = YES;
				CLANG_WARN_UNGUARDED_AVAILABILITY = YES_AGGRESSIVE;
				CLANG_WARN_UNREACHABLE_CODE = YES;
				CLANG_WARN__DUPLICATE_METHOD_MATCH = YES;
				CODE_SIGN_IDENTITY = "iPhone Developer";
				COPY_PHASE_STRIP = NO;
				DEBUG_INFORMATION_FORMAT = "dwarf-with-dsym";
				ENABLE_NS_ASSERTIONS = NO;
				ENABLE_STRICT_OBJC_MSGSEND = YES;
				GCC_C_LANGUAGE_STANDARD = gnu11;
				GCC_NO_COMMON_BLOCKS = YES;
				GCC_WARN_64_TO_32_BIT_CONVERSION = YES;
				GCC_WARN_ABOUT_RETURN_TYPE = YES_ERROR;
				GCC_WARN_UNDECLARED_SELECTOR = YES;
				GCC_WARN_UNINITIALIZED_AUTOS = YES_AGGRESSIVE;
				GCC_WARN_UNUSED_FUNCTION = YES;
				GCC_WARN_UNUSED_VARIABLE = YES;
				IPHONEOS_DEPLOYMENT_TARGET = 12.4;
				MTL_ENABLE_DEBUG_INFO = NO;
				MTL_FAST_MATH = YES;
				SDKROOT = iphoneos;
				SWIFT_COMPILATION_MODE = wholemodule;
				SWIFT_OPTIMIZATION_LEVEL = "-O";
				VALIDATE_PRODUCT = YES;
			};
			name = Release;
		};
		703DD5A323031DD000CB5607 /* Debug */ = {
			isa = XCBuildConfiguration;
			buildSettings = {
				ASSETCATALOG_COMPILER_APPICON_NAME = AppIcon;
				CODE_SIGN_STYLE = Automatic;
				DEVELOPMENT_TEAM = 8K9YSXMH3N;
				INFOPLIST_FILE = SetGame/Info.plist;
				LD_RUNPATH_SEARCH_PATHS = (
					"$(inherited)",
					"@executable_path/Frameworks",
				);
				PRODUCT_BUNDLE_IDENTIFIER = com.ipetrie.SetGame;
				PRODUCT_NAME = "$(TARGET_NAME)";
				SWIFT_VERSION = 5.0;
				TARGETED_DEVICE_FAMILY = "1,2";
			};
			name = Debug;
		};
		703DD5A423031DD000CB5607 /* Release */ = {
			isa = XCBuildConfiguration;
			buildSettings = {
				ASSETCATALOG_COMPILER_APPICON_NAME = AppIcon;
				CODE_SIGN_STYLE = Automatic;
				DEVELOPMENT_TEAM = 8K9YSXMH3N;
				INFOPLIST_FILE = SetGame/Info.plist;
				LD_RUNPATH_SEARCH_PATHS = (
					"$(inherited)",
					"@executable_path/Frameworks",
				);
				PRODUCT_BUNDLE_IDENTIFIER = com.ipetrie.SetGame;
				PRODUCT_NAME = "$(TARGET_NAME)";
				SWIFT_VERSION = 5.0;
				TARGETED_DEVICE_FAMILY = "1,2";
			};
			name = Release;
		};
/* End XCBuildConfiguration section */

/* Begin XCConfigurationList section */
		703DD58B23031DCF00CB5607 /* Build configuration list for PBXProject "SetGame" */ = {
			isa = XCConfigurationList;
			buildConfigurations = (
				703DD5A023031DD000CB5607 /* Debug */,
				703DD5A123031DD000CB5607 /* Release */,
			);
			defaultConfigurationIsVisible = 0;
			defaultConfigurationName = Release;
		};
		703DD5A223031DD000CB5607 /* Build configuration list for PBXNativeTarget "SetGame" */ = {
			isa = XCConfigurationList;
			buildConfigurations = (
				703DD5A323031DD000CB5607 /* Debug */,
				703DD5A423031DD000CB5607 /* Release */,
			);
			defaultConfigurationIsVisible = 0;
			defaultConfigurationName = Release;
		};
/* End XCConfigurationList section */
	};
	rootObject = 703DD58823031DCF00CB5607 /* Project object */;
}
